
Microsoft Visual Studio Solution File, Format Version 12.00
# Visual Studio Version 16
VisualStudioVersion = 16.0.29926.136
MinimumVisualStudioVersion = 10.0.40219.1
Project("{FAE04EC0-301F-11D3-BF4B-00C04F79EFBC}") = "Database Test", "Database Test.csproj", "{D7F8DC41-1D76-44AB-9CCB-3094D567ABC9}"
EndProject
Global
	GlobalSection(SolutionConfigurationPlatforms) = preSolution
		Debug|Any CPU = Debug|Any CPU
		Release|Any CPU = Release|Any CPU
	EndGlobalSection
	GlobalSection(ProjectConfigurationPlatforms) = postSolution
		{D7F8DC41-1D76-44AB-9CCB-3094D567ABC9}.Debug|Any CPU.ActiveCfg = Debug|Any CPU
		{D7F8DC41-1D76-44AB-9CCB-3094D567ABC9}.Debug|Any CPU.Build.0 = Debug|Any CPU
		{D7F8DC41-1D76-44AB-9CCB-3094D567ABC9}.Release|Any CPU.ActiveCfg = Release|Any CPU
		{D7F8DC41-1D76-44AB-9CCB-3094D567ABC9}.Release|Any CPU.Build.0 = Release|Any CPU
	EndGlobalSection
	GlobalSection(SolutionProperties) = preSolution
		HideSolutionNode = FALSE
	EndGlobalSection
	GlobalSection(ExtensibilityGlobals) = postSolution
		SolutionGuid = {A7C7B03E-9614-4B35-A090-E61EFD8E8A78}
	EndGlobalSection
EndGlobal
